
Microsoft Visual Studio Solution File, Format Version 12.00
# Visual Studio Version 17
VisualStudioVersion = 17.0.31903.59
MinimumVisualStudioVersion = 10.0.40219.1
Project("{FAE04EC0-301F-11D3-BF4B-00C04F79EFBC}") = "Domain", "Domain\Domain.csproj", "{A731D78E-C969-4EC0-8E27-124305E66547}"
EndProject
Project("{FAE04EC0-301F-11D3-BF4B-00C04F79EFBC}") = "Infrastructure", "Infrastructure\Infrastructure.csproj", "{1C436CE0-3512-4DE9-BCD4-F918B9D79776}"
EndProject
Project("{FAE04EC0-301F-11D3-BF4B-00C04F79EFBC}") = "Persistence", "Persistence\Persistence.csproj", "{7FCE7CD0-E776-4965-BB95-0D3434466154}"
EndProject
Project("{FAE04EC0-301F-11D3-BF4B-00C04F79EFBC}") = "Reports", "Reports\Reports.csproj", "{19C6BDBF-5DEF-482C-9FE5-B197E0B1430B}"
EndProject
Project("{FAE04EC0-301F-11D3-BF4B-00C04F79EFBC}") = "Tests", "Tests\Tests.csproj", "{41CC6635-C2B6-4067-BFFF-F15557341B53}"
EndProject
Project("{FAE04EC0-301F-11D3-BF4B-00C04F79EFBC}") = "Application", "Application\Application.csproj", "{8F69756F-621B-4A01-9A0A-C4DD9B4AEE7B}"
EndProject
Project("{2150E333-8FDC-42A3-9474-1A3956D46DE8}") = "InventoryERP", "InventoryERP", "{F6CB2206-4D99-4EA0-B21E-D0EDFB385FF1}"
EndProject
Project("{FAE04EC0-301F-11D3-BF4B-00C04F79EFBC}") = "Presentation", "Presentation\Presentation.csproj", "{A4C51C9E-D74C-4A14-A56D-E17EB03FD9CD}"
EndProject
Global
	GlobalSection(SolutionConfigurationPlatforms) = preSolution
		Debug|Any CPU = Debug|Any CPU
		Debug|ARM = Debug|ARM
		Debug|ARM64 = Debug|ARM64
		Debug|x86 = Debug|x86
		Debug|x64 = Debug|x64
		Release|Any CPU = Release|Any CPU
		Release|ARM = Release|ARM
		Release|ARM64 = Release|ARM64
		Release|x86 = Release|x86
		Release|x64 = Release|x64
	EndGlobalSection
	GlobalSection(ProjectConfigurationPlatforms) = postSolution
		{A731D78E-C969-4EC0-8E27-124305E66547}.Debug|Any CPU.ActiveCfg = Debug|Any CPU
		{A731D78E-C969-4EC0-8E27-124305E66547}.Debug|Any CPU.Build.0 = Debug|Any CPU
		{A731D78E-C969-4EC0-8E27-124305E66547}.Debug|ARM.ActiveCfg = Debug|Any CPU
		{A731D78E-C969-4EC0-8E27-124305E66547}.Debug|ARM.Build.0 = Debug|Any CPU
		{A731D78E-C969-4EC0-8E27-124305E66547}.Debug|ARM64.ActiveCfg = Debug|Any CPU
		{A731D78E-C969-4EC0-8E27-124305E66547}.Debug|ARM64.Build.0 = Debug|Any CPU
		{A731D78E-C969-4EC0-8E27-124305E66547}.Debug|x86.ActiveCfg = Debug|Any CPU
		{A731D78E-C969-4EC0-8E27-124305E66547}.Debug|x86.Build.0 = Debug|Any CPU
		{A731D78E-C969-4EC0-8E27-124305E66547}.Debug|x64.ActiveCfg = Debug|Any CPU
		{A731D78E-C969-4EC0-8E27-124305E66547}.Debug|x64.Build.0 = Debug|Any CPU
		{A731D78E-C969-4EC0-8E27-124305E66547}.Release|Any CPU.ActiveCfg = Release|Any CPU
		{A731D78E-C969-4EC0-8E27-124305E66547}.Release|Any CPU.Build.0 = Release|Any CPU
		{A731D78E-C969-4EC0-8E27-124305E66547}.Release|ARM.ActiveCfg = Release|Any CPU
		{A731D78E-C969-4EC0-8E27-124305E66547}.Release|ARM.Build.0 = Release|Any CPU
		{A731D78E-C969-4EC0-8E27-124305E66547}.Release|ARM64.ActiveCfg = Release|Any CPU
		{A731D78E-C969-4EC0-8E27-124305E66547}.Release|ARM64.Build.0 = Release|Any CPU
		{A731D78E-C969-4EC0-8E27-124305E66547}.Release|x86.ActiveCfg = Release|Any CPU
		{A731D78E-C969-4EC0-8E27-124305E66547}.Release|x86.Build.0 = Release|Any CPU
		{A731D78E-C969-4EC0-8E27-124305E66547}.Release|x64.ActiveCfg = Release|Any CPU
		{A731D78E-C969-4EC0-8E27-124305E66547}.Release|x64.Build.0 = Release|Any CPU
		{1C436CE0-3512-4DE9-BCD4-F918B9D79776}.Debug|Any CPU.ActiveCfg = Debug|Any CPU
		{1C436CE0-3512-4DE9-BCD4-F918B9D79776}.Debug|Any CPU.Build.0 = Debug|Any CPU
		{1C436CE0-3512-4DE9-BCD4-F918B9D79776}.Debug|ARM.ActiveCfg = Debug|Any CPU
		{1C436CE0-3512-4DE9-BCD4-F918B9D79776}.Debug|ARM.Build.0 = Debug|Any CPU
		{1C436CE0-3512-4DE9-BCD4-F918B9D79776}.Debug|ARM64.ActiveCfg = Debug|Any CPU
		{1C436CE0-3512-4DE9-BCD4-F918B9D79776}.Debug|ARM64.Build.0 = Debug|Any CPU
		{1C436CE0-3512-4DE9-BCD4-F918B9D79776}.Debug|x86.ActiveCfg = Debug|Any CPU
		{1C436CE0-3512-4DE9-BCD4-F918B9D79776}.Debug|x86.Build.0 = Debug|Any CPU
		{1C436CE0-3512-4DE9-BCD4-F918B9D79776}.Debug|x64.ActiveCfg = Debug|Any CPU
		{1C436CE0-3512-4DE9-BCD4-F918B9D79776}.Debug|x64.Build.0 = Debug|Any CPU
		{1C436CE0-3512-4DE9-BCD4-F918B9D79776}.Release|Any CPU.ActiveCfg = Release|Any CPU
		{1C436CE0-3512-4DE9-BCD4-F918B9D79776}.Release|Any CPU.Build.0 = Release|Any CPU
		{1C436CE0-3512-4DE9-BCD4-F918B9D79776}.Release|ARM.ActiveCfg = Release|Any CPU
		{1C436CE0-3512-4DE9-BCD4-F918B9D79776}.Release|ARM.Build.0 = Release|Any CPU
		{1C436CE0-3512-4DE9-BCD4-F918B9D79776}.Release|ARM64.ActiveCfg = Release|Any CPU
		{1C436CE0-3512-4DE9-BCD4-F918B9D79776}.Release|ARM64.Build.0 = Release|Any CPU
		{1C436CE0-3512-4DE9-BCD4-F918B9D79776}.Release|x86.ActiveCfg = Release|Any CPU
		{1C436CE0-3512-4DE9-BCD4-F918B9D79776}.Release|x86.Build.0 = Release|Any CPU
		{1C436CE0-3512-4DE9-BCD4-F918B9D79776}.Release|x64.ActiveCfg = Release|Any CPU
		{1C436CE0-3512-4DE9-BCD4-F918B9D79776}.Release|x64.Build.0 = Release|Any CPU
		{7FCE7CD0-E776-4965-BB95-0D3434466154}.Debug|Any CPU.ActiveCfg = Debug|Any CPU
		{7FCE7CD0-E776-4965-BB95-0D3434466154}.Debug|Any CPU.Build.0 = Debug|Any CPU
		{7FCE7CD0-E776-4965-BB95-0D3434466154}.Debug|ARM.ActiveCfg = Debug|Any CPU
		{7FCE7CD0-E776-4965-BB95-0D3434466154}.Debug|ARM.Build.0 = Debug|Any CPU
		{7FCE7CD0-E776-4965-BB95-0D3434466154}.Debug|ARM64.ActiveCfg = Debug|Any CPU
		{7FCE7CD0-E776-4965-BB95-0D3434466154}.Debug|ARM64.Build.0 = Debug|Any CPU
		{7FCE7CD0-E776-4965-BB95-0D3434466154}.Debug|x86.ActiveCfg = Debug|Any CPU
		{7FCE7CD0-E776-4965-BB95-0D3434466154}.Debug|x86.Build.0 = Debug|Any CPU
		{7FCE7CD0-E776-4965-BB95-0D3434466154}.Debug|x64.ActiveCfg = Debug|Any CPU
		{7FCE7CD0-E776-4965-BB95-0D3434466154}.Debug|x64.Build.0 = Debug|Any CPU
		{7FCE7CD0-E776-4965-BB95-0D3434466154}.Release|Any CPU.ActiveCfg = Release|Any CPU
		{7FCE7CD0-E776-4965-BB95-0D3434466154}.Release|Any CPU.Build.0 = Release|Any CPU
		{7FCE7CD0-E776-4965-BB95-0D3434466154}.Release|ARM.ActiveCfg = Release|Any CPU
		{7FCE7CD0-E776-4965-BB95-0D3434466154}.Release|ARM.Build.0 = Release|Any CPU
		{7FCE7CD0-E776-4965-BB95-0D3434466154}.Release|ARM64.ActiveCfg = Release|Any CPU
		{7FCE7CD0-E776-4965-BB95-0D3434466154}.Release|ARM64.Build.0 = Release|Any CPU
		{7FCE7CD0-E776-4965-BB95-0D3434466154}.Release|x86.ActiveCfg = Release|Any CPU
		{7FCE7CD0-E776-4965-BB95-0D3434466154}.Release|x86.Build.0 = Release|Any CPU
		{7FCE7CD0-E776-4965-BB95-0D3434466154}.Release|x64.ActiveCfg = Release|Any CPU
		{7FCE7CD0-E776-4965-BB95-0D3434466154}.Release|x64.Build.0 = Release|Any CPU
		{19C6BDBF-5DEF-482C-9FE5-B197E0B1430B}.Debug|Any CPU.ActiveCfg = Debug|Any CPU
		{19C6BDBF-5DEF-482C-9FE5-B197E0B1430B}.Debug|Any CPU.Build.0 = Debug|Any CPU
		{19C6BDBF-5DEF-482C-9FE5-B197E0B1430B}.Debug|ARM.ActiveCfg = Debug|Any CPU
		{19C6BDBF-5DEF-482C-9FE5-B197E0B1430B}.Debug|ARM.Build.0 = Debug|Any CPU
		{19C6BDBF-5DEF-482C-9FE5-B197E0B1430B}.Debug|ARM64.ActiveCfg = Debug|Any CPU
		{19C6BDBF-5DEF-482C-9FE5-B197E0B1430B}.Debug|ARM64.Build.0 = Debug|Any CPU
		{19C6BDBF-5DEF-482C-9FE5-B197E0B1430B}.Debug|x86.ActiveCfg = Debug|Any CPU
		{19C6BDBF-5DEF-482C-9FE5-B197E0B1430B}.Debug|x86.Build.0 = Debug|Any CPU
		{19C6BDBF-5DEF-482C-9FE5-B197E0B1430B}.Debug|x64.ActiveCfg = Debug|Any CPU
		{19C6BDBF-5DEF-482C-9FE5-B197E0B1430B}.Debug|x64.Build.0 = Debug|Any CPU
		{19C6BDBF-5DEF-482C-9FE5-B197E0B1430B}.Release|Any CPU.ActiveCfg = Release|Any CPU
		{19C6BDBF-5DEF-482C-9FE5-B197E0B1430B}.Release|Any CPU.Build.0 = Release|Any CPU
		{19C6BDBF-5DEF-482C-9FE5-B197E0B1430B}.Release|ARM.ActiveCfg = Release|Any CPU
		{19C6BDBF-5DEF-482C-9FE5-B197E0B1430B}.Release|ARM.Build.0 = Release|Any CPU
		{19C6BDBF-5DEF-482C-9FE5-B197E0B1430B}.Release|ARM64.ActiveCfg = Release|Any CPU
		{19C6BDBF-5DEF-482C-9FE5-B197E0B1430B}.Release|ARM64.Build.0 = Release|Any CPU
		{19C6BDBF-5DEF-482C-9FE5-B197E0B1430B}.Release|x86.ActiveCfg = Release|Any CPU
		{19C6BDBF-5DEF-482C-9FE5-B197E0B1430B}.Release|x86.Build.0 = Release|Any CPU
		{19C6BDBF-5DEF-482C-9FE5-B197E0B1430B}.Release|x64.ActiveCfg = Release|Any CPU
		{19C6BDBF-5DEF-482C-9FE5-B197E0B1430B}.Release|x64.Build.0 = Release|Any CPU
		{41CC6635-C2B6-4067-BFFF-F15557341B53}.Debug|Any CPU.ActiveCfg = Debug|Any CPU
		{41CC6635-C2B6-4067-BFFF-F15557341B53}.Debug|Any CPU.Build.0 = Debug|Any CPU
		{41CC6635-C2B6-4067-BFFF-F15557341B53}.Debug|ARM.ActiveCfg = Debug|Any CPU
		{41CC6635-C2B6-4067-BFFF-F15557341B53}.Debug|ARM.Build.0 = Debug|Any CPU
		{41CC6635-C2B6-4067-BFFF-F15557341B53}.Debug|ARM64.ActiveCfg = Debug|Any CPU
		{41CC6635-C2B6-4067-BFFF-F15557341B53}.Debug|ARM64.Build.0 = Debug|Any CPU
		{41CC6635-C2B6-4067-BFFF-F15557341B53}.Debug|x86.ActiveCfg = Debug|Any CPU
		{41CC6635-C2B6-4067-BFFF-F15557341B53}.Debug|x86.Build.0 = Debug|Any CPU
		{41CC6635-C2B6-4067-BFFF-F15557341B53}.Debug|x64.ActiveCfg = Debug|Any CPU
		{41CC6635-C2B6-4067-BFFF-F15557341B53}.Debug|x64.Build.0 = Debug|Any CPU
		{41CC6635-C2B6-4067-BFFF-F15557341B53}.Release|Any CPU.ActiveCfg = Release|Any CPU
		{41CC6635-C2B6-4067-BFFF-F15557341B53}.Release|Any CPU.Build.0 = Release|Any CPU
		{41CC6635-C2B6-4067-BFFF-F15557341B53}.Release|ARM.ActiveCfg = Release|Any CPU
		{41CC6635-C2B6-4067-BFFF-F15557341B53}.Release|ARM.Build.0 = Release|Any CPU
		{41CC6635-C2B6-4067-BFFF-F15557341B53}.Release|ARM64.ActiveCfg = Release|Any CPU
		{41CC6635-C2B6-4067-BFFF-F15557341B53}.Release|ARM64.Build.0 = Release|Any CPU
		{41CC6635-C2B6-4067-BFFF-F15557341B53}.Release|x86.ActiveCfg = Release|Any CPU
		{41CC6635-C2B6-4067-BFFF-F15557341B53}.Release|x86.Build.0 = Release|Any CPU
		{41CC6635-C2B6-4067-BFFF-F15557341B53}.Release|x64.ActiveCfg = Release|Any CPU
		{41CC6635-C2B6-4067-BFFF-F15557341B53}.Release|x64.Build.0 = Release|Any CPU
		{8F69756F-621B-4A01-9A0A-C4DD9B4AEE7B}.Debug|Any CPU.ActiveCfg = Debug|Any CPU
		{8F69756F-621B-4A01-9A0A-C4DD9B4AEE7B}.Debug|Any CPU.Build.0 = Debug|Any CPU
		{8F69756F-621B-4A01-9A0A-C4DD9B4AEE7B}.Debug|ARM.ActiveCfg = Debug|Any CPU
		{8F69756F-621B-4A01-9A0A-C4DD9B4AEE7B}.Debug|ARM.Build.0 = Debug|Any CPU
		{8F69756F-621B-4A01-9A0A-C4DD9B4AEE7B}.Debug|ARM64.ActiveCfg = Debug|Any CPU
		{8F69756F-621B-4A01-9A0A-C4DD9B4AEE7B}.Debug|ARM64.Build.0 = Debug|Any CPU
		{8F69756F-621B-4A01-9A0A-C4DD9B4AEE7B}.Debug|x86.ActiveCfg = Debug|Any CPU
		{8F69756F-621B-4A01-9A0A-C4DD9B4AEE7B}.Debug|x86.Build.0 = Debug|Any CPU
		{8F69756F-621B-4A01-9A0A-C4DD9B4AEE7B}.Debug|x64.ActiveCfg = Debug|Any CPU
		{8F69756F-621B-4A01-9A0A-C4DD9B4AEE7B}.Debug|x64.Build.0 = Debug|Any CPU
		{8F69756F-621B-4A01-9A0A-C4DD9B4AEE7B}.Release|Any CPU.ActiveCfg = Release|Any CPU
		{8F69756F-621B-4A01-9A0A-C4DD9B4AEE7B}.Release|Any CPU.Build.0 = Release|Any CPU
		{8F69756F-621B-4A01-9A0A-C4DD9B4AEE7B}.Release|ARM.ActiveCfg = Release|Any CPU
		{8F69756F-621B-4A01-9A0A-C4DD9B4AEE7B}.Release|ARM.Build.0 = Release|Any CPU
		{8F69756F-621B-4A01-9A0A-C4DD9B4AEE7B}.Release|ARM64.ActiveCfg = Release|Any CPU
		{8F69756F-621B-4A01-9A0A-C4DD9B4AEE7B}.Release|ARM64.Build.0 = Release|Any CPU
		{8F69756F-621B-4A01-9A0A-C4DD9B4AEE7B}.Release|x86.ActiveCfg = Release|Any CPU
		{8F69756F-621B-4A01-9A0A-C4DD9B4AEE7B}.Release|x86.Build.0 = Release|Any CPU
		{8F69756F-621B-4A01-9A0A-C4DD9B4AEE7B}.Release|x64.ActiveCfg = Release|Any CPU
		{8F69756F-621B-4A01-9A0A-C4DD9B4AEE7B}.Release|x64.Build.0 = Release|Any CPU
		{A4C51C9E-D74C-4A14-A56D-E17EB03FD9CD}.Debug|Any CPU.ActiveCfg = Debug|Any CPU
		{A4C51C9E-D74C-4A14-A56D-E17EB03FD9CD}.Debug|Any CPU.Build.0 = Debug|Any CPU
		{A4C51C9E-D74C-4A14-A56D-E17EB03FD9CD}.Debug|ARM.ActiveCfg = Debug|Any CPU
		{A4C51C9E-D74C-4A14-A56D-E17EB03FD9CD}.Debug|ARM.Build.0 = Debug|Any CPU
		{A4C51C9E-D74C-4A14-A56D-E17EB03FD9CD}.Debug|ARM64.ActiveCfg = Debug|Any CPU
		{A4C51C9E-D74C-4A14-A56D-E17EB03FD9CD}.Debug|ARM64.Build.0 = Debug|Any CPU
		{A4C51C9E-D74C-4A14-A56D-E17EB03FD9CD}.Debug|x86.ActiveCfg = Debug|Any CPU
		{A4C51C9E-D74C-4A14-A56D-E17EB03FD9CD}.Debug|x86.Build.0 = Debug|Any CPU
		{A4C51C9E-D74C-4A14-A56D-E17EB03FD9CD}.Debug|x64.ActiveCfg = Debug|x64
		{A4C51C9E-D74C-4A14-A56D-E17EB03FD9CD}.Debug|x64.Build.0 = Debug|x64
		{A4C51C9E-D74C-4A14-A56D-E17EB03FD9CD}.Release|Any CPU.ActiveCfg = Release|Any CPU
		{A4C51C9E-D74C-4A14-A56D-E17EB03FD9CD}.Release|Any CPU.Build.0 = Release|Any CPU
		{A4C51C9E-D74C-4A14-A56D-E17EB03FD9CD}.Release|ARM.ActiveCfg = Release|Any CPU
		{A4C51C9E-D74C-4A14-A56D-E17EB03FD9CD}.Release|ARM.Build.0 = Release|Any CPU
		{A4C51C9E-D74C-4A14-A56D-E17EB03FD9CD}.Release|ARM64.ActiveCfg = Release|Any CPU
		{A4C51C9E-D74C-4A14-A56D-E17EB03FD9CD}.Release|ARM64.Build.0 = Release|Any CPU
		{A4C51C9E-D74C-4A14-A56D-E17EB03FD9CD}.Release|x86.ActiveCfg = Release|Any CPU
		{A4C51C9E-D74C-4A14-A56D-E17EB03FD9CD}.Release|x86.Build.0 = Release|Any CPU
		{A4C51C9E-D74C-4A14-A56D-E17EB03FD9CD}.Release|x64.ActiveCfg = Release|x64
		{A4C51C9E-D74C-4A14-A56D-E17EB03FD9CD}.Release|x64.Build.0 = Release|x64
	EndGlobalSection
	GlobalSection(SolutionProperties) = preSolution
		HideSolutionNode = FALSE
	EndGlobalSection
	GlobalSection(ExtensibilityGlobals) = postSolution
		SolutionGuid = {E324A3BF-C6F1-463A-9EB1-F1FC7287CC79}
	EndGlobalSection
	GlobalSection(NestedProjects) = preSolution
		{A4C51C9E-D74C-4A14-A56D-E17EB03FD9CD} = {F6CB2206-4D99-4EA0-B21E-D0EDFB385FF1}
	EndGlobalSection
EndGlobal
